<?xml version="1.0" encoding="UTF-8"?>
<CodeBlocks_project_file>
	<FileVersion major="1" minor="6"/>
	<Project>
		<Option title="deep_client_php_extension"/>
		<Option makefile_is_custom="1"/>
		<Option compiler="gcc"/>
		<Option virtualFolders="CMake Files\;CMake Files\..\;CMake Files\..\..\;CMake Files\..\..\..\;CMake Files\..\..\..\usr\;CMake Files\..\..\..\usr\lib\;CMake Files\..\..\..\usr\lib\x86_64-linux-gnu\;CMake Files\..\..\..\usr\lib\x86_64-linux-gnu\cmake\;CMake Files\..\..\..\usr\lib\x86_64-linux-gnu\cmake\Boost-1.74.0\;CMake Files\..\..\..\usr\lib\x86_64-linux-gnu\cmake\boost_headers-1.74.0\;CMake Files\..\..\..\usr\lib\x86_64-linux-gnu\cmake\boost_python-1.74.0\;"/>
		<Build>
			<Target title="all">
				<Option working_dir="/home/deep-foundation/deepclient-php-extension-cpp"/>
				<Option type="4"/>
				<MakeCommands>
					<Build command="/usr/bin/gmake -f &quot;/home/deep-foundation/deepclient-php-extension-cpp/Makefile&quot;  VERBOSE=1 all"/>
					<CompileFile command="/usr/bin/gmake -f &quot;/home/deep-foundation/deepclient-php-extension-cpp/Makefile&quot;  VERBOSE=1 &quot;$file&quot;"/>
					<Clean command="/usr/bin/gmake -f &quot;/home/deep-foundation/deepclient-php-extension-cpp/Makefile&quot;  VERBOSE=1 clean"/>
					<DistClean command="/usr/bin/gmake -f &quot;/home/deep-foundation/deepclient-php-extension-cpp/Makefile&quot;  VERBOSE=1 clean"/>
				</MakeCommands>
			</Target>
			<Target title="deep_client_php_extension">
				<Option output="/home/deep-foundation/deepclient-php-extension-cpp/libdeep_client_php_extension.so" prefix_auto="0" extension_auto="0"/>
				<Option working_dir="/home/deep-foundation/deepclient-php-extension-cpp"/>
				<Option object_output="./"/>
				<Option type="3"/>
				<Option compiler="gcc"/>
				<Compiler>
					<Add option="-DBOOST_ALL_NO_LIB"/>
					<Add option="-DBOOST_PYTHON_DYN_LINK"/>
					<Add directory="/home/deep-foundation/deepclient-php-extension-cpp/php_headers"/>
					<Add directory="/home/deep-foundation/deepclient-php-extension-cpp/ext_php_headers"/>
					<Add directory="/home/deep-foundation/deepclient-php-extension-cpp/zend_headers"/>
					<Add directory="/usr/include/python3.10"/>
				</Compiler>
				<MakeCommands>
					<Build command="/usr/bin/gmake -f &quot;/home/deep-foundation/deepclient-php-extension-cpp/Makefile&quot;  VERBOSE=1 deep_client_php_extension"/>
					<CompileFile command="/usr/bin/gmake -f &quot;/home/deep-foundation/deepclient-php-extension-cpp/Makefile&quot;  VERBOSE=1 &quot;$file&quot;"/>
					<Clean command="/usr/bin/gmake -f &quot;/home/deep-foundation/deepclient-php-extension-cpp/Makefile&quot;  VERBOSE=1 clean"/>
					<DistClean command="/usr/bin/gmake -f &quot;/home/deep-foundation/deepclient-php-extension-cpp/Makefile&quot;  VERBOSE=1 clean"/>
				</MakeCommands>
			</Target>
			<Target title="deep_client_php_extension/fast">
				<Option output="/home/deep-foundation/deepclient-php-extension-cpp/libdeep_client_php_extension.so" prefix_auto="0" extension_auto="0"/>
				<Option working_dir="/home/deep-foundation/deepclient-php-extension-cpp"/>
				<Option object_output="./"/>
				<Option type="3"/>
				<Option compiler="gcc"/>
				<Compiler>
					<Add option="-DBOOST_ALL_NO_LIB"/>
					<Add option="-DBOOST_PYTHON_DYN_LINK"/>
					<Add directory="/home/deep-foundation/deepclient-php-extension-cpp/php_headers"/>
					<Add directory="/home/deep-foundation/deepclient-php-extension-cpp/ext_php_headers"/>
					<Add directory="/home/deep-foundation/deepclient-php-extension-cpp/zend_headers"/>
					<Add directory="/usr/include/python3.10"/>
				</Compiler>
				<MakeCommands>
					<Build command="/usr/bin/gmake -f &quot;/home/deep-foundation/deepclient-php-extension-cpp/Makefile&quot;  VERBOSE=1 deep_client_php_extension/fast"/>
					<CompileFile command="/usr/bin/gmake -f &quot;/home/deep-foundation/deepclient-php-extension-cpp/Makefile&quot;  VERBOSE=1 &quot;$file&quot;"/>
					<Clean command="/usr/bin/gmake -f &quot;/home/deep-foundation/deepclient-php-extension-cpp/Makefile&quot;  VERBOSE=1 clean"/>
					<DistClean command="/usr/bin/gmake -f &quot;/home/deep-foundation/deepclient-php-extension-cpp/Makefile&quot;  VERBOSE=1 clean"/>
				</MakeCommands>
			</Target>
			<Target title="edit_cache">
				<Option working_dir="/home/deep-foundation/deepclient-php-extension-cpp"/>
				<Option type="4"/>
				<MakeCommands>
					<Build command="/usr/bin/gmake -f &quot;/home/deep-foundation/deepclient-php-extension-cpp/Makefile&quot;  VERBOSE=1 edit_cache"/>
					<CompileFile command="/usr/bin/gmake -f &quot;/home/deep-foundation/deepclient-php-extension-cpp/Makefile&quot;  VERBOSE=1 &quot;$file&quot;"/>
					<Clean command="/usr/bin/gmake -f &quot;/home/deep-foundation/deepclient-php-extension-cpp/Makefile&quot;  VERBOSE=1 clean"/>
					<DistClean command="/usr/bin/gmake -f &quot;/home/deep-foundation/deepclient-php-extension-cpp/Makefile&quot;  VERBOSE=1 clean"/>
				</MakeCommands>
			</Target>
			<Target title="rebuild_cache">
				<Option working_dir="/home/deep-foundation/deepclient-php-extension-cpp"/>
				<Option type="4"/>
				<MakeCommands>
					<Build command="/usr/bin/gmake -f &quot;/home/deep-foundation/deepclient-php-extension-cpp/Makefile&quot;  VERBOSE=1 rebuild_cache"/>
					<CompileFile command="/usr/bin/gmake -f &quot;/home/deep-foundation/deepclient-php-extension-cpp/Makefile&quot;  VERBOSE=1 &quot;$file&quot;"/>
					<Clean command="/usr/bin/gmake -f &quot;/home/deep-foundation/deepclient-php-extension-cpp/Makefile&quot;  VERBOSE=1 clean"/>
					<DistClean command="/usr/bin/gmake -f &quot;/home/deep-foundation/deepclient-php-extension-cpp/Makefile&quot;  VERBOSE=1 clean"/>
				</MakeCommands>
			</Target>
		</Build>
		<Unit filename="/home/deep-foundation/deepclient-php-extension-cpp/DeepClient.cpp">
			<Option target="deep_client_php_extension"/>
		</Unit>
		<Unit filename="/home/deep-foundation/deepclient-php-extension-cpp/DeepClient.h">
			<Option target="deep_client_php_extension"/>
		</Unit>
		<Unit filename="/home/deep-foundation/deepclient-php-extension-cpp/CMakeLists.txt">
			<Option virtualFolder="CMake Files\"/>
		</Unit>
		<Unit filename="/home/deep-foundation/deepclient-php-extension-cpp/../../../usr/lib/x86_64-linux-gnu/cmake/BoostDetectToolset-1.74.0.cmake">
			<Option virtualFolder="CMake Files\..\..\..\usr\lib\x86_64-linux-gnu\cmake\"/>
		</Unit>
		<Unit filename="/home/deep-foundation/deepclient-php-extension-cpp/../../../usr/lib/x86_64-linux-gnu/cmake/Boost-1.74.0/BoostConfig.cmake">
			<Option virtualFolder="CMake Files\..\..\..\usr\lib\x86_64-linux-gnu\cmake\Boost-1.74.0\"/>
		</Unit>
		<Unit filename="/home/deep-foundation/deepclient-php-extension-cpp/../../../usr/lib/x86_64-linux-gnu/cmake/Boost-1.74.0/BoostConfigVersion.cmake">
			<Option virtualFolder="CMake Files\..\..\..\usr\lib\x86_64-linux-gnu\cmake\Boost-1.74.0\"/>
		</Unit>
		<Unit filename="/home/deep-foundation/deepclient-php-extension-cpp/../../../usr/lib/x86_64-linux-gnu/cmake/boost_headers-1.74.0/boost_headers-config-version.cmake">
			<Option virtualFolder="CMake Files\..\..\..\usr\lib\x86_64-linux-gnu\cmake\boost_headers-1.74.0\"/>
		</Unit>
		<Unit filename="/home/deep-foundation/deepclient-php-extension-cpp/../../../usr/lib/x86_64-linux-gnu/cmake/boost_headers-1.74.0/boost_headers-config.cmake">
			<Option virtualFolder="CMake Files\..\..\..\usr\lib\x86_64-linux-gnu\cmake\boost_headers-1.74.0\"/>
		</Unit>
		<Unit filename="/home/deep-foundation/deepclient-php-extension-cpp/../../../usr/lib/x86_64-linux-gnu/cmake/boost_python-1.74.0/boost_python-config-version.cmake">
			<Option virtualFolder="CMake Files\..\..\..\usr\lib\x86_64-linux-gnu\cmake\boost_python-1.74.0\"/>
		</Unit>
		<Unit filename="/home/deep-foundation/deepclient-php-extension-cpp/../../../usr/lib/x86_64-linux-gnu/cmake/boost_python-1.74.0/boost_python-config.cmake">
			<Option virtualFolder="CMake Files\..\..\..\usr\lib\x86_64-linux-gnu\cmake\boost_python-1.74.0\"/>
		</Unit>
		<Unit filename="/home/deep-foundation/deepclient-php-extension-cpp/../../../usr/lib/x86_64-linux-gnu/cmake/boost_python-1.74.0/libboost_python-variant-shared-py3.10.cmake">
			<Option virtualFolder="CMake Files\..\..\..\usr\lib\x86_64-linux-gnu\cmake\boost_python-1.74.0\"/>
		</Unit>
		<Unit filename="/home/deep-foundation/deepclient-php-extension-cpp/../../../usr/lib/x86_64-linux-gnu/cmake/boost_python-1.74.0/libboost_python-variant-static-py3.10.cmake">
			<Option virtualFolder="CMake Files\..\..\..\usr\lib\x86_64-linux-gnu\cmake\boost_python-1.74.0\"/>
		</Unit>
	</Project>
</CodeBlocks_project_file>
